
Microsoft Visual Studio Solution File, Format Version 12.00
# Visual Studio Version 17
VisualStudioVersion = 17.5.002.0
MinimumVisualStudioVersion = 10.0.40219.1
Project("{9A19103F-16F7-4668-BE54-9A1E7A4F7556}") = "Jogo da Velha", "Jogo da Velha.csproj", "{18A5BA2F-85BF-4EE8-872E-F1018437D18C}"
EndProject
Global
	GlobalSection(SolutionConfigurationPlatforms) = preSolution
		Debug|Any CPU = Debug|Any CPU
		Release|Any CPU = Release|Any CPU
	EndGlobalSection
	GlobalSection(ProjectConfigurationPlatforms) = postSolution
		{18A5BA2F-85BF-4EE8-872E-F1018437D18C}.Debug|Any CPU.ActiveCfg = Debug|Any CPU
		{18A5BA2F-85BF-4EE8-872E-F1018437D18C}.Debug|Any CPU.Build.0 = Debug|Any CPU
		{18A5BA2F-85BF-4EE8-872E-F1018437D18C}.Release|Any CPU.ActiveCfg = Release|Any CPU
		{18A5BA2F-85BF-4EE8-872E-F1018437D18C}.Release|Any CPU.Build.0 = Release|Any CPU
	EndGlobalSection
	GlobalSection(SolutionProperties) = preSolution
		HideSolutionNode = FALSE
	EndGlobalSection
	GlobalSection(ExtensibilityGlobals) = postSolution
		SolutionGuid = {78B1FD33-BF8E-4352-A395-98F82BE3EC1E}
	EndGlobalSection
EndGlobal
